// !$*UTF8*$!
{
	archiveVersion = 1;
	classes = {
	};
	objectVersion = 48;
	objects = {

/* Begin PBXBuildFile section */
		EABF0A061FD1506F00FDA40E /* AppDelegate.m in Sources */ = {isa = PBXBuildFile; fileRef = EABF0A051FD1506F00FDA40E /* AppDelegate.m */; };
		EABF0A091FD1506F00FDA40E /* ViewController.m in Sources */ = {isa = PBXBuildFile; fileRef = EABF0A081FD1506F00FDA40E /* ViewController.m */; };
		EABF0A0C1FD1506F00FDA40E /* Main.storyboard in Resources */ = {isa = PBXBuildFile; fileRef = EABF0A0A1FD1506F00FDA40E /* Main.storyboard */; };
		EABF0A0E1FD1506F00FDA40E /* Assets.xcassets in Resources */ = {isa = PBXBuildFile; fileRef = EABF0A0D1FD1506F00FDA40E /* Assets.xcassets */; };
		EABF0A111FD1506F00FDA40E /* LaunchScreen.storyboard in Resources */ = {isa = PBXBuildFile; fileRef = EABF0A0F1FD1506F00FDA40E /* LaunchScreen.storyboard */; };
		EABF0A141FD1506F00FDA40E /* main.m in Sources */ = {isa = PBXBuildFile; fileRef = EABF0A131FD1506F00FDA40E /* main.m */; };
		EABF0A1C1FD1513800FDA40E /* UserModel.xcdatamodeld in Sources */ = {isa = PBXBuildFile; fileRef = EABF0A1A1FD1513800FDA40E /* UserModel.xcdatamodeld */; };
		EABF0A371FD1593400FDA40E /* CoreDataManager.m in Sources */ = {isa = PBXBuildFile; fileRef = EABF0A361FD1593400FDA40E /* CoreDataManager.m */; };
/* End PBXBuildFile section */

/* Begin PBXFileReference section */
		EABF0A011FD1506F00FDA40E /* CoreDataDemo.app */ = {isa = PBXFileReference; explicitFileType = wrapper.application; includeInIndex = 0; path = CoreDataDemo.app; sourceTree = BUILT_PRODUCTS_DIR; };
		EABF0A041FD1506F00FDA40E /* AppDelegate.h */ = {isa = PBXFileReference; lastKnownFileType = sourcecode.c.h; path = AppDelegate.h; sourceTree = "<group>"; };
		EABF0A051FD1506F00FDA40E /* AppDelegate.m */ = {isa = PBXFileReference; lastKnownFileType = sourcecode.c.objc; path = AppDelegate.m; sourceTree = "<group>"; };
		EABF0A071FD1506F00FDA40E /* ViewController.h */ = {isa = PBXFileReference; lastKnownFileType = sourcecode.c.h; path = ViewController.h; sourceTree = "<group>"; };
		EABF0A081FD1506F00FDA40E /* ViewController.m */ = {isa = PBXFileReference; lastKnownFileType = sourcecode.c.objc; path = ViewController.m; sourceTree = "<group>"; };
		EABF0A0B1FD1506F00FDA40E /* Base */ = {isa = PBXFileReference; lastKnownFileType = file.storyboard; name = Base; path = Base.lproj/Main.storyboard; sourceTree = "<group>"; };
		EABF0A0D1FD1506F00FDA40E /* Assets.xcassets */ = {isa = PBXFileReference; lastKnownFileType = folder.assetcatalog; path = Assets.xcassets; sourceTree = "<group>"; };
		EABF0A101FD1506F00FDA40E /* Base */ = {isa = PBXFileReference; lastKnownFileType = file.storyboard; name = Base; path = Base.lproj/LaunchScreen.storyboard; sourceTree = "<group>"; };
		EABF0A121FD1506F00FDA40E /* Info.plist */ = {isa = PBXFileReference; lastKnownFileType = text.plist.xml; path = Info.plist; sourceTree = "<group>"; };
		EABF0A131FD1506F00FDA40E /* main.m */ = {isa = PBXFileReference; lastKnownFileType = sourcecode.c.objc; path = main.m; sourceTree = "<group>"; };
		EABF0A1B1FD1513800FDA40E /* UserModel.xcdatamodel */ = {isa = PBXFileReference; lastKnownFileType = wrapper.xcdatamodel; path = UserModel.xcdatamodel; sourceTree = "<group>"; };
		EABF0A351FD1593400FDA40E /* CoreDataManager.h */ = {isa = PBXFileReference; lastKnownFileType = sourcecode.c.h; path = CoreDataManager.h; sourceTree = "<group>"; };
		EABF0A361FD1593400FDA40E /* CoreDataManager.m */ = {isa = PBXFileReference; lastKnownFileType = sourcecode.c.objc; path = CoreDataManager.m; sourceTree = "<group>"; };
/* End PBXFileReference section */

/* Begin PBXFrameworksBuildPhase section */
		EABF09FE1FD1506F00FDA40E /* Frameworks */ = {
			isa = PBXFrameworksBuildPhase;
			buildActionMask = 2147483647;
			files = (
			);
			runOnlyForDeploymentPostprocessing = 0;
		};
/* End PBXFrameworksBuildPhase section */

/* Begin PBXGroup section */
		EABF09F81FD1506F00FDA40E = {
			isa = PBXGroup;
			children = (
				EABF0A031FD1506F00FDA40E /* CoreDataDemo */,
				EABF0A021FD1506F00FDA40E /* Products */,
			);
			sourceTree = "<group>";
		};
		EABF0A021FD1506F00FDA40E /* Products */ = {
			isa = PBXGroup;
			children = (
				EABF0A011FD1506F00FDA40E /* CoreDataDemo.app */,
			);
			name = Products;
			sourceTree = "<group>";
		};
		EABF0A031FD1506F00FDA40E /* CoreDataDemo */ = {
			isa = PBXGroup;
			children = (
				EABF0A041FD1506F00FDA40E /* AppDelegate.h */,
				EABF0A051FD1506F00FDA40E /* AppDelegate.m */,
				EABF0A071FD1506F00FDA40E /* ViewController.h */,
				EABF0A081FD1506F00FDA40E /* ViewController.m */,
				EABF0A351FD1593400FDA40E /* CoreDataManager.h */,
				EABF0A361FD1593400FDA40E /* CoreDataManager.m */,
				EABF0A0A1FD1506F00FDA40E /* Main.storyboard */,
				EABF0A0D1FD1506F00FDA40E /* Assets.xcassets */,
				EABF0A0F1FD1506F00FDA40E /* LaunchScreen.storyboard */,
				EABF0A121FD1506F00FDA40E /* Info.plist */,
				EABF0A131FD1506F00FDA40E /* main.m */,
				EABF0A1A1FD1513800FDA40E /* UserModel.xcdatamodeld */,
			);
			path = CoreDataDemo;
			sourceTree = "<group>";
		};
/* End PBXGroup section */

/* Begin PBXNativeTarget section */
		EABF0A001FD1506F00FDA40E /* CoreDataDemo */ = {
			isa = PBXNativeTarget;
			buildConfigurationList = EABF0A171FD1506F00FDA40E /* Build configuration list for PBXNativeTarget "CoreDataDemo" */;
			buildPhases = (
				EABF09FD1FD1506F00FDA40E /* Sources */,
				EABF09FE1FD1506F00FDA40E /* Frameworks */,
				EABF09FF1FD1506F00FDA40E /* Resources */,
			);
			buildRules = (
			);
			dependencies = (
			);
			name = CoreDataDemo;
			productName = CoreDataDemo;
			productReference = EABF0A011FD1506F00FDA40E /* CoreDataDemo.app */;
			productType = "com.apple.product-type.application";
		};
/* End PBXNativeTarget section */

/* Begin PBXProject section */
		EABF09F91FD1506F00FDA40E /* Project object */ = {
			isa = PBXProject;
			attributes = {
				LastUpgradeCheck = 0910;
				ORGANIZATIONNAME = onePiece;
				TargetAttributes = {
					EABF0A001FD1506F00FDA40E = {
						CreatedOnToolsVersion = 9.1;
						ProvisioningStyle = Automatic;
					};
				};
			};
			buildConfigurationList = EABF09FC1FD1506F00FDA40E /* Build configuration list for PBXProject "CoreDataDemo" */;
			compatibilityVersion = "Xcode 8.0";
			developmentRegion = en;
			hasScannedForEncodings = 0;
			knownRegions = (
				en,
				Base,
			);
			mainGroup = EABF09F81FD1506F00FDA40E;
			productRefGroup = EABF0A021FD1506F00FDA40E /* Products */;
			projectDirPath = "";
			projectRoot = "";
			targets = (
				EABF0A001FD1506F00FDA40E /* CoreDataDemo */,
			);
		};
/* End PBXProject section */

/* Begin PBXResourcesBuildPhase section */
		EABF09FF1FD1506F00FDA40E /* Resources */ = {
			isa = PBXResourcesBuildPhase;
			buildActionMask = 2147483647;
			files = (
				EABF0A111FD1506F00FDA40E /* LaunchScreen.storyboard in Resources */,
				EABF0A0E1FD1506F00FDA40E /* Assets.xcassets in Resources */,
				EABF0A0C1FD1506F00FDA40E /* Main.storyboard in Resources */,
			);
			runOnlyForDeploymentPostprocessing = 0;
		};
/* End PBXResourcesBuildPhase section */

/* Begin PBXSourcesBuildPhase section */
		EABF09FD1FD1506F00FDA40E /* Sources */ = {
			isa = PBXSourcesBuildPhase;
			buildActionMask = 2147483647;
			files = (
				EABF0A091FD1506F00FDA40E /* ViewController.m in Sources */,
				EABF0A141FD1506F00FDA40E /* main.m in Sources */,
				EABF0A371FD1593400FDA40E /* CoreDataManager.m in Sources */,
				EABF0A1C1FD1513800FDA40E /* UserModel.xcdatamodeld in Sources */,
				EABF0A061FD1506F00FDA40E /* AppDelegate.m in Sources */,
			);
			runOnlyForDeploymentPostprocessing = 0;
		};
/* End PBXSourcesBuildPhase section */

/* Begin PBXVariantGroup section */
		EABF0A0A1FD1506F00FDA40E /* Main.storyboard */ = {
			isa = PBXVariantGroup;
			children = (
				EABF0A0B1FD1506F00FDA40E /* Base */,
			);
			name = Main.storyboard;
			sourceTree = "<group>";
		};
		EABF0A0F1FD1506F00FDA40E /* LaunchScreen.storyboard */ = {
			isa = PBXVariantGroup;
			children = (
				EABF0A101FD1506F00FDA40E /* Base */,
			);
			name = LaunchScreen.storyboard;
			sourceTree = "<group>";
		};
/* End PBXVariantGroup section */

/* Begin XCBuildConfiguration section */
		EABF0A151FD1506F00FDA40E /* Debug */ = {
			isa = XCBuildConfiguration;
			buildSettings = {
				ALWAYS_SEARCH_USER_PATHS = NO;
				CLANG_ANALYZER_NONNULL = YES;
				CLANG_ANALYZER_NUMBER_OBJECT_CONVERSION = YES_AGGRESSIVE;
				CLANG_CXX_LANGUAGE_STANDARD = "gnu++14";
				CLANG_CXX_LIBRARY = "libc++";
				CLANG_ENABLE_MODULES = YES;
				CLANG_ENABLE_OBJC_ARC = YES;
				CLANG_WARN_BLOCK_CAPTURE_AUTORELEASING = YES;
				CLANG_WARN_BOOL_CONVERSION = YES;
				CLANG_WARN_COMMA = YES;
				CLANG_WARN_CONSTANT_CONVERSION = YES;
				CLANG_WARN_DIRECT_OBJC_ISA_USAGE = YES_ERROR;
				CLANG_WARN_DOCUMENTATION_COMMENTS = YES;
				CLANG_WARN_EMPTY_BODY = YES;
				CLANG_WARN_ENUM_CONVERSION = YES;
				CLANG_WARN_INFINITE_RECURSION = YES;
				CLANG_WARN_INT_CONVERSION = YES;
				CLANG_WARN_NON_LITERAL_NULL_CONVERSION = YES;
				CLANG_WARN_OBJC_LITERAL_CONVERSION = YES;
				CLANG_WARN_OBJC_ROOT_CLASS = YES_ERROR;
				CLANG_WARN_RANGE_LOOP_ANALYSIS = YES;
				CLANG_WARN_STRICT_PROTOTYPES = YES;
				CLANG_WARN_SUSPICIOUS_MOVE = YES;
				CLANG_WARN_UNGUARDED_AVAILABILITY = YES_AGGRESSIVE;
				CLANG_WARN_UNREACHABLE_CODE = YES;
				CLANG_WARN__DUPLICATE_METHOD_MATCH = YES;
				CODE_SIGN_IDENTITY = "iPhone Developer";
				COPY_PHASE_STRIP = NO;
				DEBUG_INFORMATION_FORMAT = dwarf;
				ENABLE_STRICT_OBJC_MSGSEND = YES;
				ENABLE_TESTABILITY = YES;
				GCC_C_LANGUAGE_STANDARD = gnu11;
				GCC_DYNAMIC_NO_PIC = NO;
				GCC_NO_COMMON_BLOCKS = YES;
				GCC_OPTIMIZATION_LEVEL = 0;
				GCC_PREPROCESSOR_DEFINITIONS = (
					"DEBUG=1",
					"$(inherited)",
				);
				GCC_WARN_64_TO_32_BIT_CONVERSION = YES;
				GCC_WARN_ABOUT_RETURN_TYPE = YES_ERROR;
				GCC_WARN_UNDECLARED_SELECTOR = YES;
				GCC_WARN_UNINITIALIZED_AUTOS = YES_AGGRESSIVE;
				GCC_WARN_UNUSED_FUNCTION = YES;
				GCC_WARN_UNUSED_VARIABLE = YES;
				IPHONEOS_DEPLOYMENT_TARGET = 11.1;
				MTL_ENABLE_DEBUG_INFO = YES;
				ONLY_ACTIVE_ARCH = YES;
				SDKROOT = iphoneos;
			};
			name = Debug;
		};
		EABF0A161FD1506F00FDA40E /* Release */ = {
			isa = XCBuildConfiguration;
			buildSettings = {
				ALWAYS_SEARCH_USER_PATHS = NO;
				CLANG_ANALYZER_NONNULL = YES;
				CLANG_ANALYZER_NUMBER_OBJECT_CONVERSION = YES_AGGRESSIVE;
				CLANG_CXX_LANGUAGE_STANDARD = "gnu++14";
				CLANG_CXX_LIBRARY = "libc++";
				CLANG_ENABLE_MODULES = YES;
				CLANG_ENABLE_OBJC_ARC = YES;
				CLANG_WARN_BLOCK_CAPTURE_AUTORELEASING = YES;
				CLANG_WARN_BOOL_CONVERSION = YES;
				CLANG_WARN_COMMA = YES;
				CLANG_WARN_CONSTANT_CONVERSION = YES;
				CLANG_WARN_DIRECT_OBJC_ISA_USAGE = YES_ERROR;
				CLANG_WARN_DOCUMENTATION_COMMENTS = YES;
				CLANG_WARN_EMPTY_BODY = YES;
				CLANG_WARN_ENUM_CONVERSION = YES;
				CLANG_WARN_INFINITE_RECURSION = YES;
				CLANG_WARN_INT_CONVERSION = YES;
				CLANG_WARN_NON_LITERAL_NULL_CONVERSION = YES;
				CLANG_WARN_OBJC_LITERAL_CONVERSION = YES;
				CLANG_WARN_OBJC_ROOT_CLASS = YES_ERROR;
				CLANG_WARN_RANGE_LOOP_ANALYSIS = YES;
				CLANG_WARN_STRICT_PROTOTYPES = YES;
				CLANG_WARN_SUSPICIOUS_MOVE = YES;
				CLANG_WARN_UNGUARDED_AVAILABILITY = YES_AGGRESSIVE;
				CLANG_WARN_UNREACHABLE_CODE = YES;
				CLANG_WARN__DUPLICATE_METHOD_MATCH = YES;
				CODE_SIGN_IDENTITY = "iPhone Developer";
				COPY_PHASE_STRIP = NO;
				DEBUG_INFORMATION_FORMAT = "dwarf-with-dsym";
				ENABLE_NS_ASSERTIONS = NO;
				ENABLE_STRICT_OBJC_MSGSEND = YES;
				GCC_C_LANGUAGE_STANDARD = gnu11;
				GCC_NO_COMMON_BLOCKS = YES;
				GCC_WARN_64_TO_32_BIT_CONVERSION = YES;
				GCC_WARN_ABOUT_RETURN_TYPE = YES_ERROR;
				GCC_WARN_UNDECLARED_SELECTOR = YES;
				GCC_WARN_UNINITIALIZED_AUTOS = YES_AGGRESSIVE;
				GCC_WARN_UNUSED_FUNCTION = YES;
				GCC_WARN_UNUSED_VARIABLE = YES;
				IPHONEOS_DEPLOYMENT_TARGET = 11.1;
				MTL_ENABLE_DEBUG_INFO = NO;
				SDKROOT = iphoneos;
				VALIDATE_PRODUCT = YES;
			};
			name = Release;
		};
		EABF0A181FD1506F00FDA40E /* Debug */ = {
			isa = XCBuildConfiguration;
			buildSettings = {
				ASSETCATALOG_COMPILER_APPICON_NAME = AppIcon;
				CODE_SIGN_STYLE = Automatic;
				INFOPLIST_FILE = CoreDataDemo/Info.plist;
				LD_RUNPATH_SEARCH_PATHS = "$(inherited) @executable_path/Frameworks";
				PRODUCT_BUNDLE_IDENTIFIER = onePiece.CoreDataDemo;
				PRODUCT_NAME = "$(TARGET_NAME)";
				TARGETED_DEVICE_FAMILY = "1,2";
			};
			name = Debug;
		};
		EABF0A191FD1506F00FDA40E /* Release */ = {
			isa = XCBuildConfiguration;
			buildSettings = {
				ASSETCATALOG_COMPILER_APPICON_NAME = AppIcon;
				CODE_SIGN_STYLE = Automatic;
				INFOPLIST_FILE = CoreDataDemo/Info.plist;
				LD_RUNPATH_SEARCH_PATHS = "$(inherited) @executable_path/Frameworks";
				PRODUCT_BUNDLE_IDENTIFIER = onePiece.CoreDataDemo;
				PRODUCT_NAME = "$(TARGET_NAME)";
				TARGETED_DEVICE_FAMILY = "1,2";
			};
			name = Release;
		};
/* End XCBuildConfiguration section */

/* Begin XCConfigurationList section */
		EABF09FC1FD1506F00FDA40E /* Build configuration list for PBXProject "CoreDataDemo" */ = {
			isa = XCConfigurationList;
			buildConfigurations = (
				EABF0A151FD1506F00FDA40E /* Debug */,
				EABF0A161FD1506F00FDA40E /* Release */,
			);
			defaultConfigurationIsVisible = 0;
			defaultConfigurationName = Release;
		};
		EABF0A171FD1506F00FDA40E /* Build configuration list for PBXNativeTarget "CoreDataDemo" */ = {
			isa = XCConfigurationList;
			buildConfigurations = (
				EABF0A181FD1506F00FDA40E /* Debug */,
				EABF0A191FD1506F00FDA40E /* Release */,
			);
			defaultConfigurationIsVisible = 0;
			defaultConfigurationName = Release;
		};
/* End XCConfigurationList section */

/* Begin XCVersionGroup section */
		EABF0A1A1FD1513800FDA40E /* UserModel.xcdatamodeld */ = {
			isa = XCVersionGroup;
			children = (
				EABF0A1B1FD1513800FDA40E /* UserModel.xcdatamodel */,
			);
			currentVersion = EABF0A1B1FD1513800FDA40E /* UserModel.xcdatamodel */;
			path = UserModel.xcdatamodeld;
			sourceTree = "<group>";
			versionGroupType = wrapper.xcdatamodel;
		};
/* End XCVersionGroup section */
	};
	rootObject = EABF09F91FD1506F00FDA40E /* Project object */;
}
